
Microsoft Visual Studio Solution File, Format Version 12.00
# Visual Studio 15
VisualStudioVersion = 15.0.27703.2042
MinimumVisualStudioVersion = 10.0.40219.1
Project("{FAE04EC0-301F-11D3-BF4B-00C04F79EFBC}") = "SamuraiApp.Domain", "SamuraiApp.Domain\SamuraiApp.Domain.csproj", "{B4F7E8DA-EF65-42EA-B60C-10B935C6428A}"
EndProject
Project("{FAE04EC0-301F-11D3-BF4B-00C04F79EFBC}") = "SamuraiApp.Data", "SamuraiApp.Data\SamuraiApp.Data.csproj", "{D6F8DB63-3420-4DCF-85DD-42C94237EA9F}"
EndProject
Project("{FAE04EC0-301F-11D3-BF4B-00C04F79EFBC}") = "SamuraiApp.UI", "SamuraiApp.UI\SamuraiApp.UI.csproj", "{D647BB23-839B-4DB5-AFBB-AFAB97C7A2DB}"
EndProject
Global
	GlobalSection(SolutionConfigurationPlatforms) = preSolution
		Debug|Any CPU = Debug|Any CPU
		Release|Any CPU = Release|Any CPU
	EndGlobalSection
	GlobalSection(ProjectConfigurationPlatforms) = postSolution
		{B4F7E8DA-EF65-42EA-B60C-10B935C6428A}.Debug|Any CPU.ActiveCfg = Debug|Any CPU
		{B4F7E8DA-EF65-42EA-B60C-10B935C6428A}.Debug|Any CPU.Build.0 = Debug|Any CPU
		{B4F7E8DA-EF65-42EA-B60C-10B935C6428A}.Release|Any CPU.ActiveCfg = Release|Any CPU
		{B4F7E8DA-EF65-42EA-B60C-10B935C6428A}.Release|Any CPU.Build.0 = Release|Any CPU
		{D6F8DB63-3420-4DCF-85DD-42C94237EA9F}.Debug|Any CPU.ActiveCfg = Debug|Any CPU
		{D6F8DB63-3420-4DCF-85DD-42C94237EA9F}.Debug|Any CPU.Build.0 = Debug|Any CPU
		{D6F8DB63-3420-4DCF-85DD-42C94237EA9F}.Release|Any CPU.ActiveCfg = Release|Any CPU
		{D6F8DB63-3420-4DCF-85DD-42C94237EA9F}.Release|Any CPU.Build.0 = Release|Any CPU
		{D647BB23-839B-4DB5-AFBB-AFAB97C7A2DB}.Debug|Any CPU.ActiveCfg = Debug|Any CPU
		{D647BB23-839B-4DB5-AFBB-AFAB97C7A2DB}.Debug|Any CPU.Build.0 = Debug|Any CPU
		{D647BB23-839B-4DB5-AFBB-AFAB97C7A2DB}.Release|Any CPU.ActiveCfg = Release|Any CPU
		{D647BB23-839B-4DB5-AFBB-AFAB97C7A2DB}.Release|Any CPU.Build.0 = Release|Any CPU
	EndGlobalSection
	GlobalSection(SolutionProperties) = preSolution
		HideSolutionNode = FALSE
	EndGlobalSection
	GlobalSection(ExtensibilityGlobals) = postSolution
		SolutionGuid = {46227AFC-DDCA-47D1-9E48-612E85A636FA}
	EndGlobalSection
EndGlobal
